
Microsoft Visual Studio Solution File, Format Version 12.00
# Visual Studio Version 17
VisualStudioVersion = 17.5.002.0
MinimumVisualStudioVersion = 10.0.40219.1
Project("{9A19103F-16F7-4668-BE54-9A1E7A4F7556}") = "dotnet-react-app", "dotnet-react-app.csproj", "{327817C7-2B09-4767-99D2-8C9BD2D08CBC}"
EndProject
Global
	GlobalSection(SolutionConfigurationPlatforms) = preSolution
		Debug|Any CPU = Debug|Any CPU
		Release|Any CPU = Release|Any CPU
	EndGlobalSection
	GlobalSection(ProjectConfigurationPlatforms) = postSolution
		{327817C7-2B09-4767-99D2-8C9BD2D08CBC}.Debug|Any CPU.ActiveCfg = Debug|Any CPU
		{327817C7-2B09-4767-99D2-8C9BD2D08CBC}.Debug|Any CPU.Build.0 = Debug|Any CPU
		{327817C7-2B09-4767-99D2-8C9BD2D08CBC}.Release|Any CPU.ActiveCfg = Release|Any CPU
		{327817C7-2B09-4767-99D2-8C9BD2D08CBC}.Release|Any CPU.Build.0 = Release|Any CPU
	EndGlobalSection
	GlobalSection(SolutionProperties) = preSolution
		HideSolutionNode = FALSE
	EndGlobalSection
	GlobalSection(ExtensibilityGlobals) = postSolution
		SolutionGuid = {C7094F49-59BC-475F-AB27-E2480E332ED6}
	EndGlobalSection
EndGlobal
